
Microsoft Visual Studio Solution File, Format Version 12.00
Project("{FAE04EC0-301F-11D3-BF4B-00C04F79EFBC}") = "pres1a_3", "pres1a_3\pres1a_3.csproj", "{55E54D1E-8774-4E84-ACEF-D5373BE30558}"
EndProject
Project("{FAE04EC0-301F-11D3-BF4B-00C04F79EFBC}") = "pres1b_6", "pres1b_6\pres1b_6.csproj", "{64EC8F6B-8D26-4A8E-9F66-08848EBE6715}"
EndProject
Project("{FAE04EC0-301F-11D3-BF4B-00C04F79EFBC}") = "pres2a_page22", "pres2a_page22\pres2a_page22.csproj", "{201BF2E1-653B-4475-894A-DAD3AA952EB3}"
EndProject
Project("{FAE04EC0-301F-11D3-BF4B-00C04F79EFBC}") = "pres2b_6", "pres2b_6\pres2b_6.csproj", "{5D8D8000-3304-4DBA-AF15-05F767E39FE5}"
EndProject
Project("{FAE04EC0-301F-11D3-BF4B-00C04F79EFBC}") = "HW5_functions", "HW5_functions\HW5_functions.csproj", "{527A6023-5E19-402E-B9E7-2779FA634977}"
EndProject
Project("{FAE04EC0-301F-11D3-BF4B-00C04F79EFBC}") = "HW7_person", "HW7_person\HW7_person.csproj", "{94FCABED-FEF8-4D34-AC21-5AA8BB4C2C49}"
EndProject
Project("{FAE04EC0-301F-11D3-BF4B-00C04F79EFBC}") = "HW11_Numbers", "HW11_Numbers\HW11_Numbers.csproj", "{24863158-932E-43A9-9C07-B2AE96B4924D}"
EndProject
Project("{FAE04EC0-301F-11D3-BF4B-00C04F79EFBC}") = "HW14_Linq", "HW14_Linq\HW14_Linq.csproj", "{23B66ACC-3B13-42DE-A88F-D36701EE062B}"
EndProject
Project("{FAE04EC0-301F-11D3-BF4B-00C04F79EFBC}") = "Dots", "Dots\Dots.csproj", "{32797577-21C4-4EEC-9ED8-9F262301C711}"
EndProject
Project("{FAE04EC0-301F-11D3-BF4B-00C04F79EFBC}") = "Points", "Points\Points.csproj", "{C033728B-23BB-4B85-A629-B0E3089EF610}"
EndProject
Project("{FAE04EC0-301F-11D3-BF4B-00C04F79EFBC}") = "HW6", "HW6\HW6.csproj", "{AC4B872D-A9BD-4465-93D4-34343F69E93E}"
EndProject
Project("{FAE04EC0-301F-11D3-BF4B-00C04F79EFBC}") = "HW12", "HW12\HW12.csproj", "{3EF33500-7046-45F8-911A-EC6EF8C5AF0C}"
EndProject
Global
	GlobalSection(SolutionConfigurationPlatforms) = preSolution
		Debug|Any CPU = Debug|Any CPU
		Release|Any CPU = Release|Any CPU
	EndGlobalSection
	GlobalSection(ProjectConfigurationPlatforms) = postSolution
		{55E54D1E-8774-4E84-ACEF-D5373BE30558}.Debug|Any CPU.ActiveCfg = Debug|Any CPU
		{55E54D1E-8774-4E84-ACEF-D5373BE30558}.Debug|Any CPU.Build.0 = Debug|Any CPU
		{55E54D1E-8774-4E84-ACEF-D5373BE30558}.Release|Any CPU.ActiveCfg = Release|Any CPU
		{55E54D1E-8774-4E84-ACEF-D5373BE30558}.Release|Any CPU.Build.0 = Release|Any CPU
		{64EC8F6B-8D26-4A8E-9F66-08848EBE6715}.Debug|Any CPU.ActiveCfg = Debug|Any CPU
		{64EC8F6B-8D26-4A8E-9F66-08848EBE6715}.Debug|Any CPU.Build.0 = Debug|Any CPU
		{64EC8F6B-8D26-4A8E-9F66-08848EBE6715}.Release|Any CPU.ActiveCfg = Release|Any CPU
		{64EC8F6B-8D26-4A8E-9F66-08848EBE6715}.Release|Any CPU.Build.0 = Release|Any CPU
		{201BF2E1-653B-4475-894A-DAD3AA952EB3}.Debug|Any CPU.ActiveCfg = Debug|Any CPU
		{201BF2E1-653B-4475-894A-DAD3AA952EB3}.Debug|Any CPU.Build.0 = Debug|Any CPU
		{201BF2E1-653B-4475-894A-DAD3AA952EB3}.Release|Any CPU.ActiveCfg = Release|Any CPU
		{201BF2E1-653B-4475-894A-DAD3AA952EB3}.Release|Any CPU.Build.0 = Release|Any CPU
		{5D8D8000-3304-4DBA-AF15-05F767E39FE5}.Debug|Any CPU.ActiveCfg = Debug|Any CPU
		{5D8D8000-3304-4DBA-AF15-05F767E39FE5}.Debug|Any CPU.Build.0 = Debug|Any CPU
		{5D8D8000-3304-4DBA-AF15-05F767E39FE5}.Release|Any CPU.ActiveCfg = Release|Any CPU
		{5D8D8000-3304-4DBA-AF15-05F767E39FE5}.Release|Any CPU.Build.0 = Release|Any CPU
		{527A6023-5E19-402E-B9E7-2779FA634977}.Debug|Any CPU.ActiveCfg = Debug|Any CPU
		{527A6023-5E19-402E-B9E7-2779FA634977}.Debug|Any CPU.Build.0 = Debug|Any CPU
		{527A6023-5E19-402E-B9E7-2779FA634977}.Release|Any CPU.ActiveCfg = Release|Any CPU
		{527A6023-5E19-402E-B9E7-2779FA634977}.Release|Any CPU.Build.0 = Release|Any CPU
		{94FCABED-FEF8-4D34-AC21-5AA8BB4C2C49}.Debug|Any CPU.ActiveCfg = Debug|Any CPU
		{94FCABED-FEF8-4D34-AC21-5AA8BB4C2C49}.Debug|Any CPU.Build.0 = Debug|Any CPU
		{94FCABED-FEF8-4D34-AC21-5AA8BB4C2C49}.Release|Any CPU.ActiveCfg = Release|Any CPU
		{94FCABED-FEF8-4D34-AC21-5AA8BB4C2C49}.Release|Any CPU.Build.0 = Release|Any CPU
		{24863158-932E-43A9-9C07-B2AE96B4924D}.Debug|Any CPU.ActiveCfg = Debug|Any CPU
		{24863158-932E-43A9-9C07-B2AE96B4924D}.Debug|Any CPU.Build.0 = Debug|Any CPU
		{24863158-932E-43A9-9C07-B2AE96B4924D}.Release|Any CPU.ActiveCfg = Release|Any CPU
		{24863158-932E-43A9-9C07-B2AE96B4924D}.Release|Any CPU.Build.0 = Release|Any CPU
		{23B66ACC-3B13-42DE-A88F-D36701EE062B}.Debug|Any CPU.ActiveCfg = Debug|Any CPU
		{23B66ACC-3B13-42DE-A88F-D36701EE062B}.Debug|Any CPU.Build.0 = Debug|Any CPU
		{23B66ACC-3B13-42DE-A88F-D36701EE062B}.Release|Any CPU.ActiveCfg = Release|Any CPU
		{23B66ACC-3B13-42DE-A88F-D36701EE062B}.Release|Any CPU.Build.0 = Release|Any CPU
		{32797577-21C4-4EEC-9ED8-9F262301C711}.Debug|Any CPU.ActiveCfg = Debug|Any CPU
		{32797577-21C4-4EEC-9ED8-9F262301C711}.Debug|Any CPU.Build.0 = Debug|Any CPU
		{32797577-21C4-4EEC-9ED8-9F262301C711}.Release|Any CPU.ActiveCfg = Release|Any CPU
		{32797577-21C4-4EEC-9ED8-9F262301C711}.Release|Any CPU.Build.0 = Release|Any CPU
		{C033728B-23BB-4B85-A629-B0E3089EF610}.Debug|Any CPU.ActiveCfg = Debug|Any CPU
		{C033728B-23BB-4B85-A629-B0E3089EF610}.Debug|Any CPU.Build.0 = Debug|Any CPU
		{C033728B-23BB-4B85-A629-B0E3089EF610}.Release|Any CPU.ActiveCfg = Release|Any CPU
		{C033728B-23BB-4B85-A629-B0E3089EF610}.Release|Any CPU.Build.0 = Release|Any CPU
		{AC4B872D-A9BD-4465-93D4-34343F69E93E}.Debug|Any CPU.ActiveCfg = Debug|Any CPU
		{AC4B872D-A9BD-4465-93D4-34343F69E93E}.Debug|Any CPU.Build.0 = Debug|Any CPU
		{AC4B872D-A9BD-4465-93D4-34343F69E93E}.Release|Any CPU.ActiveCfg = Release|Any CPU
		{AC4B872D-A9BD-4465-93D4-34343F69E93E}.Release|Any CPU.Build.0 = Release|Any CPU
		{3EF33500-7046-45F8-911A-EC6EF8C5AF0C}.Debug|Any CPU.ActiveCfg = Debug|Any CPU
		{3EF33500-7046-45F8-911A-EC6EF8C5AF0C}.Debug|Any CPU.Build.0 = Debug|Any CPU
		{3EF33500-7046-45F8-911A-EC6EF8C5AF0C}.Release|Any CPU.ActiveCfg = Release|Any CPU
		{3EF33500-7046-45F8-911A-EC6EF8C5AF0C}.Release|Any CPU.Build.0 = Release|Any CPU
	EndGlobalSection
EndGlobal
