
Microsoft Visual Studio Solution File, Format Version 12.00
# Visual Studio Version 16
VisualStudioVersion = 16.0.31624.102
MinimumVisualStudioVersion = 10.0.40219.1
Project("{FAE04EC0-301F-11D3-BF4B-00C04F79EFBC}") = "1", "1\1.csproj", "{5E94E43F-7F17-488A-BFC0-90042FC78263}"
EndProject
Global
	GlobalSection(SolutionConfigurationPlatforms) = preSolution
		Debug|Any CPU = Debug|Any CPU
		Release|Any CPU = Release|Any CPU
	EndGlobalSection
	GlobalSection(ProjectConfigurationPlatforms) = postSolution
		{5E94E43F-7F17-488A-BFC0-90042FC78263}.Debug|Any CPU.ActiveCfg = Debug|Any CPU
		{5E94E43F-7F17-488A-BFC0-90042FC78263}.Debug|Any CPU.Build.0 = Debug|Any CPU
		{5E94E43F-7F17-488A-BFC0-90042FC78263}.Release|Any CPU.ActiveCfg = Release|Any CPU
		{5E94E43F-7F17-488A-BFC0-90042FC78263}.Release|Any CPU.Build.0 = Release|Any CPU
	EndGlobalSection
	GlobalSection(SolutionProperties) = preSolution
		HideSolutionNode = FALSE
	EndGlobalSection
	GlobalSection(ExtensibilityGlobals) = postSolution
		SolutionGuid = {7930CAD3-BEA7-4CF7-93F7-3C92EE3D29FF}
	EndGlobalSection
EndGlobal
