
Microsoft Visual Studio Solution File, Format Version 12.00
# Visual Studio Version 16
VisualStudioVersion = 16.0.31624.102
MinimumVisualStudioVersion = 10.0.40219.1
Project("{FAE04EC0-301F-11D3-BF4B-00C04F79EFBC}") = "1", "1\1.csproj", "{DB56C341-9FF0-4C59-8BF7-B71861347C29}"
EndProject
Project("{FAE04EC0-301F-11D3-BF4B-00C04F79EFBC}") = "ClassLibrary", "ClassLibrary\ClassLibrary.csproj", "{37E11D78-B441-45FD-8360-47A1252B8B3A}"
EndProject
Global
	GlobalSection(SolutionConfigurationPlatforms) = preSolution
		Debug|Any CPU = Debug|Any CPU
		Release|Any CPU = Release|Any CPU
	EndGlobalSection
	GlobalSection(ProjectConfigurationPlatforms) = postSolution
		{DB56C341-9FF0-4C59-8BF7-B71861347C29}.Debug|Any CPU.ActiveCfg = Debug|Any CPU
		{DB56C341-9FF0-4C59-8BF7-B71861347C29}.Debug|Any CPU.Build.0 = Debug|Any CPU
		{DB56C341-9FF0-4C59-8BF7-B71861347C29}.Release|Any CPU.ActiveCfg = Release|Any CPU
		{DB56C341-9FF0-4C59-8BF7-B71861347C29}.Release|Any CPU.Build.0 = Release|Any CPU
		{37E11D78-B441-45FD-8360-47A1252B8B3A}.Debug|Any CPU.ActiveCfg = Debug|Any CPU
		{37E11D78-B441-45FD-8360-47A1252B8B3A}.Debug|Any CPU.Build.0 = Debug|Any CPU
		{37E11D78-B441-45FD-8360-47A1252B8B3A}.Release|Any CPU.ActiveCfg = Release|Any CPU
		{37E11D78-B441-45FD-8360-47A1252B8B3A}.Release|Any CPU.Build.0 = Release|Any CPU
	EndGlobalSection
	GlobalSection(SolutionProperties) = preSolution
		HideSolutionNode = FALSE
	EndGlobalSection
	GlobalSection(ExtensibilityGlobals) = postSolution
		SolutionGuid = {C4659D9E-BB4B-4F46-9208-DFDC62748DBE}
	EndGlobalSection
EndGlobal
