
Microsoft Visual Studio Solution File, Format Version 12.00
# Visual Studio Version 16
VisualStudioVersion = 16.0.31624.102
MinimumVisualStudioVersion = 10.0.40219.1
Project("{FAE04EC0-301F-11D3-BF4B-00C04F79EFBC}") = "10", "10\10.csproj", "{A47EE90E-B3BE-4090-BB06-0A9D314F2799}"
EndProject
Global
	GlobalSection(SolutionConfigurationPlatforms) = preSolution
		Debug|Any CPU = Debug|Any CPU
		Release|Any CPU = Release|Any CPU
	EndGlobalSection
	GlobalSection(ProjectConfigurationPlatforms) = postSolution
		{A47EE90E-B3BE-4090-BB06-0A9D314F2799}.Debug|Any CPU.ActiveCfg = Debug|Any CPU
		{A47EE90E-B3BE-4090-BB06-0A9D314F2799}.Debug|Any CPU.Build.0 = Debug|Any CPU
		{A47EE90E-B3BE-4090-BB06-0A9D314F2799}.Release|Any CPU.ActiveCfg = Release|Any CPU
		{A47EE90E-B3BE-4090-BB06-0A9D314F2799}.Release|Any CPU.Build.0 = Release|Any CPU
	EndGlobalSection
	GlobalSection(SolutionProperties) = preSolution
		HideSolutionNode = FALSE
	EndGlobalSection
	GlobalSection(ExtensibilityGlobals) = postSolution
		SolutionGuid = {685D46EA-5993-401F-BB4A-9B8D0E447F61}
	EndGlobalSection
EndGlobal
