
Microsoft Visual Studio Solution File, Format Version 12.00
# Visual Studio Version 16
VisualStudioVersion = 16.0.31624.102
MinimumVisualStudioVersion = 10.0.40219.1
Project("{FAE04EC0-301F-11D3-BF4B-00C04F79EFBC}") = "6", "6\6.csproj", "{F5DBBC61-133E-4243-8177-A382005CF177}"
EndProject
Global
	GlobalSection(SolutionConfigurationPlatforms) = preSolution
		Debug|Any CPU = Debug|Any CPU
		Release|Any CPU = Release|Any CPU
	EndGlobalSection
	GlobalSection(ProjectConfigurationPlatforms) = postSolution
		{F5DBBC61-133E-4243-8177-A382005CF177}.Debug|Any CPU.ActiveCfg = Debug|Any CPU
		{F5DBBC61-133E-4243-8177-A382005CF177}.Debug|Any CPU.Build.0 = Debug|Any CPU
		{F5DBBC61-133E-4243-8177-A382005CF177}.Release|Any CPU.ActiveCfg = Release|Any CPU
		{F5DBBC61-133E-4243-8177-A382005CF177}.Release|Any CPU.Build.0 = Release|Any CPU
	EndGlobalSection
	GlobalSection(SolutionProperties) = preSolution
		HideSolutionNode = FALSE
	EndGlobalSection
	GlobalSection(ExtensibilityGlobals) = postSolution
		SolutionGuid = {AD006658-A800-41E3-B64A-C2724D889B22}
	EndGlobalSection
EndGlobal
