
Microsoft Visual Studio Solution File, Format Version 12.00
# Visual Studio Version 16
VisualStudioVersion = 16.0.31624.102
MinimumVisualStudioVersion = 10.0.40219.1
Project("{FAE04EC0-301F-11D3-BF4B-00C04F79EFBC}") = "5", "5\5.csproj", "{EF72BD97-F7B0-4758-B123-B5CB0491C2EE}"
EndProject
Global
	GlobalSection(SolutionConfigurationPlatforms) = preSolution
		Debug|Any CPU = Debug|Any CPU
		Release|Any CPU = Release|Any CPU
	EndGlobalSection
	GlobalSection(ProjectConfigurationPlatforms) = postSolution
		{EF72BD97-F7B0-4758-B123-B5CB0491C2EE}.Debug|Any CPU.ActiveCfg = Debug|Any CPU
		{EF72BD97-F7B0-4758-B123-B5CB0491C2EE}.Debug|Any CPU.Build.0 = Debug|Any CPU
		{EF72BD97-F7B0-4758-B123-B5CB0491C2EE}.Release|Any CPU.ActiveCfg = Release|Any CPU
		{EF72BD97-F7B0-4758-B123-B5CB0491C2EE}.Release|Any CPU.Build.0 = Release|Any CPU
	EndGlobalSection
	GlobalSection(SolutionProperties) = preSolution
		HideSolutionNode = FALSE
	EndGlobalSection
	GlobalSection(ExtensibilityGlobals) = postSolution
		SolutionGuid = {839BCBF0-7580-4923-AF7F-F6E538C51239}
	EndGlobalSection
EndGlobal
