
Microsoft Visual Studio Solution File, Format Version 12.00
# Visual Studio Version 16
VisualStudioVersion = 16.0.31624.102
MinimumVisualStudioVersion = 10.0.40219.1
Project("{FAE04EC0-301F-11D3-BF4B-00C04F79EFBC}") = "8", "8\8.csproj", "{A7836A1D-6CE5-4C5C-9F66-8DC20CBA328E}"
EndProject
Global
	GlobalSection(SolutionConfigurationPlatforms) = preSolution
		Debug|Any CPU = Debug|Any CPU
		Release|Any CPU = Release|Any CPU
	EndGlobalSection
	GlobalSection(ProjectConfigurationPlatforms) = postSolution
		{A7836A1D-6CE5-4C5C-9F66-8DC20CBA328E}.Debug|Any CPU.ActiveCfg = Debug|Any CPU
		{A7836A1D-6CE5-4C5C-9F66-8DC20CBA328E}.Debug|Any CPU.Build.0 = Debug|Any CPU
		{A7836A1D-6CE5-4C5C-9F66-8DC20CBA328E}.Release|Any CPU.ActiveCfg = Release|Any CPU
		{A7836A1D-6CE5-4C5C-9F66-8DC20CBA328E}.Release|Any CPU.Build.0 = Release|Any CPU
	EndGlobalSection
	GlobalSection(SolutionProperties) = preSolution
		HideSolutionNode = FALSE
	EndGlobalSection
	GlobalSection(ExtensibilityGlobals) = postSolution
		SolutionGuid = {A1395E59-65D9-4BD1-A308-01E025F19BAC}
	EndGlobalSection
EndGlobal
