
Microsoft Visual Studio Solution File, Format Version 12.00
# Visual Studio Version 16
VisualStudioVersion = 16.0.31624.102
MinimumVisualStudioVersion = 10.0.40219.1
Project("{FAE04EC0-301F-11D3-BF4B-00C04F79EFBC}") = "1", "1\1.csproj", "{15B3B7A6-7D37-4B1E-80E7-3E3B588D682C}"
EndProject
Global
	GlobalSection(SolutionConfigurationPlatforms) = preSolution
		Debug|Any CPU = Debug|Any CPU
		Release|Any CPU = Release|Any CPU
	EndGlobalSection
	GlobalSection(ProjectConfigurationPlatforms) = postSolution
		{15B3B7A6-7D37-4B1E-80E7-3E3B588D682C}.Debug|Any CPU.ActiveCfg = Debug|Any CPU
		{15B3B7A6-7D37-4B1E-80E7-3E3B588D682C}.Debug|Any CPU.Build.0 = Debug|Any CPU
		{15B3B7A6-7D37-4B1E-80E7-3E3B588D682C}.Release|Any CPU.ActiveCfg = Release|Any CPU
		{15B3B7A6-7D37-4B1E-80E7-3E3B588D682C}.Release|Any CPU.Build.0 = Release|Any CPU
	EndGlobalSection
	GlobalSection(SolutionProperties) = preSolution
		HideSolutionNode = FALSE
	EndGlobalSection
	GlobalSection(ExtensibilityGlobals) = postSolution
		SolutionGuid = {AA535FDA-E3BD-4465-B599-22607AA6EA5B}
	EndGlobalSection
EndGlobal
