
Microsoft Visual Studio Solution File, Format Version 12.00
# Visual Studio Version 16
VisualStudioVersion = 16.0.31624.102
MinimumVisualStudioVersion = 10.0.40219.1
Project("{FAE04EC0-301F-11D3-BF4B-00C04F79EFBC}") = "1", "1\1.csproj", "{80EEAC91-71DF-4581-93DF-207233C50F0A}"
EndProject
Global
	GlobalSection(SolutionConfigurationPlatforms) = preSolution
		Debug|Any CPU = Debug|Any CPU
		Release|Any CPU = Release|Any CPU
	EndGlobalSection
	GlobalSection(ProjectConfigurationPlatforms) = postSolution
		{80EEAC91-71DF-4581-93DF-207233C50F0A}.Debug|Any CPU.ActiveCfg = Debug|Any CPU
		{80EEAC91-71DF-4581-93DF-207233C50F0A}.Debug|Any CPU.Build.0 = Debug|Any CPU
		{80EEAC91-71DF-4581-93DF-207233C50F0A}.Release|Any CPU.ActiveCfg = Release|Any CPU
		{80EEAC91-71DF-4581-93DF-207233C50F0A}.Release|Any CPU.Build.0 = Release|Any CPU
	EndGlobalSection
	GlobalSection(SolutionProperties) = preSolution
		HideSolutionNode = FALSE
	EndGlobalSection
	GlobalSection(ExtensibilityGlobals) = postSolution
		SolutionGuid = {6C32CFEA-A4D3-491F-9C30-C37A2D44F633}
	EndGlobalSection
EndGlobal
